
Microsoft Visual Studio Solution File, Format Version 12.00
# Visual Studio Version 16
VisualStudioVersion = 16.0.31424.327
MinimumVisualStudioVersion = 10.0.40219.1
Project("{FAE04EC0-301F-11D3-BF4B-00C04F79EFBC}") = "Wpfgeo", "Wpfgeo\Wpfgeo.csproj", "{686305B4-A5F4-41A6-BCA6-7EF847FECF50}"
EndProject
Global
	GlobalSection(SolutionConfigurationPlatforms) = preSolution
		Debug|Any CPU = Debug|Any CPU
		Release|Any CPU = Release|Any CPU
	EndGlobalSection
	GlobalSection(ProjectConfigurationPlatforms) = postSolution
		{686305B4-A5F4-41A6-BCA6-7EF847FECF50}.Debug|Any CPU.ActiveCfg = Debug|Any CPU
		{686305B4-A5F4-41A6-BCA6-7EF847FECF50}.Debug|Any CPU.Build.0 = Debug|Any CPU
		{686305B4-A5F4-41A6-BCA6-7EF847FECF50}.Release|Any CPU.ActiveCfg = Release|Any CPU
		{686305B4-A5F4-41A6-BCA6-7EF847FECF50}.Release|Any CPU.Build.0 = Release|Any CPU
	EndGlobalSection
	GlobalSection(SolutionProperties) = preSolution
		HideSolutionNode = FALSE
	EndGlobalSection
	GlobalSection(ExtensibilityGlobals) = postSolution
		SolutionGuid = {D734A4F8-F344-4634-8A9B-988C1B05E4A7}
	EndGlobalSection
EndGlobal
